// !$*UTF8*$!
{
	archiveVersion = 1;
	classes = {
	};
	objectVersion = 50;
	objects = {

/* Begin PBXBuildFile section */
		941F7928249C33D7009ED0DD /* AppDelegate.swift in Sources */ = {isa = PBXBuildFile; fileRef = 941F7927249C33D7009ED0DD /* AppDelegate.swift */; };
		941F792A249C33D7009ED0DD /* SceneDelegate.swift in Sources */ = {isa = PBXBuildFile; fileRef = 941F7929249C33D7009ED0DD /* SceneDelegate.swift */; };
		941F792C249C33D7009ED0DD /* ContentView.swift in Sources */ = {isa = PBXBuildFile; fileRef = 941F792B249C33D7009ED0DD /* ContentView.swift */; };
		941F792E249C33DB009ED0DD /* Assets.xcassets in Resources */ = {isa = PBXBuildFile; fileRef = 941F792D249C33DB009ED0DD /* Assets.xcassets */; };
		941F7931249C33DB009ED0DD /* Preview Assets.xcassets in Resources */ = {isa = PBXBuildFile; fileRef = 941F7930249C33DB009ED0DD /* Preview Assets.xcassets */; };
		941F7934249C33DB009ED0DD /* LaunchScreen.storyboard in Resources */ = {isa = PBXBuildFile; fileRef = 941F7932249C33DB009ED0DD /* LaunchScreen.storyboard */; };
/* End PBXBuildFile section */

/* Begin PBXFileReference section */
		941F7924249C33D7009ED0DD /* day-25.app */ = {isa = PBXFileReference; explicitFileType = wrapper.application; includeInIndex = 0; path = "day-25.app"; sourceTree = BUILT_PRODUCTS_DIR; };
		941F7927249C33D7009ED0DD /* AppDelegate.swift */ = {isa = PBXFileReference; lastKnownFileType = sourcecode.swift; path = AppDelegate.swift; sourceTree = "<group>"; };
		941F7929249C33D7009ED0DD /* SceneDelegate.swift */ = {isa = PBXFileReference; lastKnownFileType = sourcecode.swift; path = SceneDelegate.swift; sourceTree = "<group>"; };
		941F792B249C33D7009ED0DD /* ContentView.swift */ = {isa = PBXFileReference; lastKnownFileType = sourcecode.swift; path = ContentView.swift; sourceTree = "<group>"; };
		941F792D249C33DB009ED0DD /* Assets.xcassets */ = {isa = PBXFileReference; lastKnownFileType = folder.assetcatalog; path = Assets.xcassets; sourceTree = "<group>"; };
		941F7930249C33DB009ED0DD /* Preview Assets.xcassets */ = {isa = PBXFileReference; lastKnownFileType = folder.assetcatalog; path = "Preview Assets.xcassets"; sourceTree = "<group>"; };
		941F7933249C33DB009ED0DD /* Base */ = {isa = PBXFileReference; lastKnownFileType = file.storyboard; name = Base; path = Base.lproj/LaunchScreen.storyboard; sourceTree = "<group>"; };
		941F7935249C33DB009ED0DD /* Info.plist */ = {isa = PBXFileReference; lastKnownFileType = text.plist.xml; path = Info.plist; sourceTree = "<group>"; };
/* End PBXFileReference section */

/* Begin PBXFrameworksBuildPhase section */
		941F7921249C33D7009ED0DD /* Frameworks */ = {
			isa = PBXFrameworksBuildPhase;
			buildActionMask = 2147483647;
			files = (
			);
			runOnlyForDeploymentPostprocessing = 0;
		};
/* End PBXFrameworksBuildPhase section */

/* Begin PBXGroup section */
		941F791B249C33D7009ED0DD = {
			isa = PBXGroup;
			children = (
				941F7926249C33D7009ED0DD /* day-25 */,
				941F7925249C33D7009ED0DD /* Products */,
			);
			sourceTree = "<group>";
		};
		941F7925249C33D7009ED0DD /* Products */ = {
			isa = PBXGroup;
			children = (
				941F7924249C33D7009ED0DD /* day-25.app */,
			);
			name = Products;
			sourceTree = "<group>";
		};
		941F7926249C33D7009ED0DD /* day-25 */ = {
			isa = PBXGroup;
			children = (
				941F7927249C33D7009ED0DD /* AppDelegate.swift */,
				941F7929249C33D7009ED0DD /* SceneDelegate.swift */,
				941F792B249C33D7009ED0DD /* ContentView.swift */,
				941F792D249C33DB009ED0DD /* Assets.xcassets */,
				941F7932249C33DB009ED0DD /* LaunchScreen.storyboard */,
				941F7935249C33DB009ED0DD /* Info.plist */,
				941F792F249C33DB009ED0DD /* Preview Content */,
			);
			path = "day-25";
			sourceTree = "<group>";
		};
		941F792F249C33DB009ED0DD /* Preview Content */ = {
			isa = PBXGroup;
			children = (
				941F7930249C33DB009ED0DD /* Preview Assets.xcassets */,
			);
			path = "Preview Content";
			sourceTree = "<group>";
		};
/* End PBXGroup section */

/* Begin PBXNativeTarget section */
		941F7923249C33D7009ED0DD /* day-25 */ = {
			isa = PBXNativeTarget;
			buildConfigurationList = 941F7938249C33DB009ED0DD /* Build configuration list for PBXNativeTarget "day-25" */;
			buildPhases = (
				941F7920249C33D7009ED0DD /* Sources */,
				941F7921249C33D7009ED0DD /* Frameworks */,
				941F7922249C33D7009ED0DD /* Resources */,
			);
			buildRules = (
			);
			dependencies = (
			);
			name = "day-25";
			productName = "day-25";
			productReference = 941F7924249C33D7009ED0DD /* day-25.app */;
			productType = "com.apple.product-type.application";
		};
/* End PBXNativeTarget section */

/* Begin PBXProject section */
		941F791C249C33D7009ED0DD /* Project object */ = {
			isa = PBXProject;
			attributes = {
				LastSwiftUpdateCheck = 1150;
				LastUpgradeCheck = 1150;
				ORGANIZATIONNAME = "Ryan Tolentino";
				TargetAttributes = {
					941F7923249C33D7009ED0DD = {
						CreatedOnToolsVersion = 11.5;
					};
				};
			};
			buildConfigurationList = 941F791F249C33D7009ED0DD /* Build configuration list for PBXProject "day-25" */;
			compatibilityVersion = "Xcode 9.3";
			developmentRegion = en;
			hasScannedForEncodings = 0;
			knownRegions = (
				en,
				Base,
			);
			mainGroup = 941F791B249C33D7009ED0DD;
			productRefGroup = 941F7925249C33D7009ED0DD /* Products */;
			projectDirPath = "";
			projectRoot = "";
			targets = (
				941F7923249C33D7009ED0DD /* day-25 */,
			);
		};
/* End PBXProject section */

/* Begin PBXResourcesBuildPhase section */
		941F7922249C33D7009ED0DD /* Resources */ = {
			isa = PBXResourcesBuildPhase;
			buildActionMask = 2147483647;
			files = (
				941F7934249C33DB009ED0DD /* LaunchScreen.storyboard in Resources */,
				941F7931249C33DB009ED0DD /* Preview Assets.xcassets in Resources */,
				941F792E249C33DB009ED0DD /* Assets.xcassets in Resources */,
			);
			runOnlyForDeploymentPostprocessing = 0;
		};
/* End PBXResourcesBuildPhase section */

/* Begin PBXSourcesBuildPhase section */
		941F7920249C33D7009ED0DD /* Sources */ = {
			isa = PBXSourcesBuildPhase;
			buildActionMask = 2147483647;
			files = (
				941F7928249C33D7009ED0DD /* AppDelegate.swift in Sources */,
				941F792A249C33D7009ED0DD /* SceneDelegate.swift in Sources */,
				941F792C249C33D7009ED0DD /* ContentView.swift in Sources */,
			);
			runOnlyForDeploymentPostprocessing = 0;
		};
/* End PBXSourcesBuildPhase section */

/* Begin PBXVariantGroup section */
		941F7932249C33DB009ED0DD /* LaunchScreen.storyboard */ = {
			isa = PBXVariantGroup;
			children = (
				941F7933249C33DB009ED0DD /* Base */,
			);
			name = LaunchScreen.storyboard;
			sourceTree = "<group>";
		};
/* End PBXVariantGroup section */

/* Begin XCBuildConfiguration section */
		941F7936249C33DB009ED0DD /* Debug */ = {
			isa = XCBuildConfiguration;
			buildSettings = {
				ALWAYS_SEARCH_USER_PATHS = NO;
				CLANG_ANALYZER_NONNULL = YES;
				CLANG_ANALYZER_NUMBER_OBJECT_CONVERSION = YES_AGGRESSIVE;
				CLANG_CXX_LANGUAGE_STANDARD = "gnu++14";
				CLANG_CXX_LIBRARY = "libc++";
				CLANG_ENABLE_MODULES = YES;
				CLANG_ENABLE_OBJC_ARC = YES;
				CLANG_ENABLE_OBJC_WEAK = YES;
				CLANG_WARN_BLOCK_CAPTURE_AUTORELEASING = YES;
				CLANG_WARN_BOOL_CONVERSION = YES;
				CLANG_WARN_COMMA = YES;
				CLANG_WARN_CONSTANT_CONVERSION = YES;
				CLANG_WARN_DEPRECATED_OBJC_IMPLEMENTATIONS = YES;
				CLANG_WARN_DIRECT_OBJC_ISA_USAGE = YES_ERROR;
				CLANG_WARN_DOCUMENTATION_COMMENTS = YES;
				CLANG_WARN_EMPTY_BODY = YES;
				CLANG_WARN_ENUM_CONVERSION = YES;
				CLANG_WARN_INFINITE_RECURSION = YES;
				CLANG_WARN_INT_CONVERSION = YES;
				CLANG_WARN_NON_LITERAL_NULL_CONVERSION = YES;
				CLANG_WARN_OBJC_IMPLICIT_RETAIN_SELF = YES;
				CLANG_WARN_OBJC_LITERAL_CONVERSION = YES;
				CLANG_WARN_OBJC_ROOT_CLASS = YES_ERROR;
				CLANG_WARN_RANGE_LOOP_ANALYSIS = YES;
				CLANG_WARN_STRICT_PROTOTYPES = YES;
				CLANG_WARN_SUSPICIOUS_MOVE = YES;
				CLANG_WARN_UNGUARDED_AVAILABILITY = YES_AGGRESSIVE;
				CLANG_WARN_UNREACHABLE_CODE = YES;
				CLANG_WARN__DUPLICATE_METHOD_MATCH = YES;
				COPY_PHASE_STRIP = NO;
				DEBUG_INFORMATION_FORMAT = dwarf;
				ENABLE_STRICT_OBJC_MSGSEND = YES;
				ENABLE_TESTABILITY = YES;
				GCC_C_LANGUAGE_STANDARD = gnu11;
				GCC_DYNAMIC_NO_PIC = NO;
				GCC_NO_COMMON_BLOCKS = YES;
				GCC_OPTIMIZATION_LEVEL = 0;
				GCC_PREPROCESSOR_DEFINITIONS = (
					"DEBUG=1",
					"$(inherited)",
				);
				GCC_WARN_64_TO_32_BIT_CONVERSION = YES;
				GCC_WARN_ABOUT_RETURN_TYPE = YES_ERROR;
				GCC_WARN_UNDECLARED_SELECTOR = YES;
				GCC_WARN_UNINITIALIZED_AUTOS = YES_AGGRESSIVE;
				GCC_WARN_UNUSED_FUNCTION = YES;
				GCC_WARN_UNUSED_VARIABLE = YES;
				IPHONEOS_DEPLOYMENT_TARGET = 13.5;
				MTL_ENABLE_DEBUG_INFO = INCLUDE_SOURCE;
				MTL_FAST_MATH = YES;
				ONLY_ACTIVE_ARCH = YES;
				SDKROOT = iphoneos;
				SWIFT_ACTIVE_COMPILATION_CONDITIONS = DEBUG;
				SWIFT_OPTIMIZATION_LEVEL = "-Onone";
			};
			name = Debug;
		};
		941F7937249C33DB009ED0DD /* Release */ = {
			isa = XCBuildConfiguration;
			buildSettings = {
				ALWAYS_SEARCH_USER_PATHS = NO;
				CLANG_ANALYZER_NONNULL = YES;
				CLANG_ANALYZER_NUMBER_OBJECT_CONVERSION = YES_AGGRESSIVE;
				CLANG_CXX_LANGUAGE_STANDARD = "gnu++14";
				CLANG_CXX_LIBRARY = "libc++";
				CLANG_ENABLE_MODULES = YES;
				CLANG_ENABLE_OBJC_ARC = YES;
				CLANG_ENABLE_OBJC_WEAK = YES;
				CLANG_WARN_BLOCK_CAPTURE_AUTORELEASING = YES;
				CLANG_WARN_BOOL_CONVERSION = YES;
				CLANG_WARN_COMMA = YES;
				CLANG_WARN_CONSTANT_CONVERSION = YES;
				CLANG_WARN_DEPRECATED_OBJC_IMPLEMENTATIONS = YES;
				CLANG_WARN_DIRECT_OBJC_ISA_USAGE = YES_ERROR;
				CLANG_WARN_DOCUMENTATION_COMMENTS = YES;
				CLANG_WARN_EMPTY_BODY = YES;
				CLANG_WARN_ENUM_CONVERSION = YES;
				CLANG_WARN_INFINITE_RECURSION = YES;
				CLANG_WARN_INT_CONVERSION = YES;
				CLANG_WARN_NON_LITERAL_NULL_CONVERSION = YES;
				CLANG_WARN_OBJC_IMPLICIT_RETAIN_SELF = YES;
				CLANG_WARN_OBJC_LITERAL_CONVERSION = YES;
				CLANG_WARN_OBJC_ROOT_CLASS = YES_ERROR;
				CLANG_WARN_RANGE_LOOP_ANALYSIS = YES;
				CLANG_WARN_STRICT_PROTOTYPES = YES;
				CLANG_WARN_SUSPICIOUS_MOVE = YES;
				CLANG_WARN_UNGUARDED_AVAILABILITY = YES_AGGRESSIVE;
				CLANG_WARN_UNREACHABLE_CODE = YES;
				CLANG_WARN__DUPLICATE_METHOD_MATCH = YES;
				COPY_PHASE_STRIP = NO;
				DEBUG_INFORMATION_FORMAT = "dwarf-with-dsym";
				ENABLE_NS_ASSERTIONS = NO;
				ENABLE_STRICT_OBJC_MSGSEND = YES;
				GCC_C_LANGUAGE_STANDARD = gnu11;
				GCC_NO_COMMON_BLOCKS = YES;
				GCC_WARN_64_TO_32_BIT_CONVERSION = YES;
				GCC_WARN_ABOUT_RETURN_TYPE = YES_ERROR;
				GCC_WARN_UNDECLARED_SELECTOR = YES;
				GCC_WARN_UNINITIALIZED_AUTOS = YES_AGGRESSIVE;
				GCC_WARN_UNUSED_FUNCTION = YES;
				GCC_WARN_UNUSED_VARIABLE = YES;
				IPHONEOS_DEPLOYMENT_TARGET = 13.5;
				MTL_ENABLE_DEBUG_INFO = NO;
				MTL_FAST_MATH = YES;
				SDKROOT = iphoneos;
				SWIFT_COMPILATION_MODE = wholemodule;
				SWIFT_OPTIMIZATION_LEVEL = "-O";
				VALIDATE_PRODUCT = YES;
			};
			name = Release;
		};
		941F7939249C33DB009ED0DD /* Debug */ = {
			isa = XCBuildConfiguration;
			buildSettings = {
				ASSETCATALOG_COMPILER_APPICON_NAME = AppIcon;
				CODE_SIGN_STYLE = Automatic;
				DEVELOPMENT_ASSET_PATHS = "\"day-25/Preview Content\"";
				ENABLE_PREVIEWS = YES;
				INFOPLIST_FILE = "day-25/Info.plist";
				LD_RUNPATH_SEARCH_PATHS = (
					"$(inherited)",
					"@executable_path/Frameworks",
				);
				PRODUCT_BUNDLE_IDENTIFIER = "Tolentinodev.day-25";
				PRODUCT_NAME = "$(TARGET_NAME)";
				SWIFT_VERSION = 5.0;
				TARGETED_DEVICE_FAMILY = "1,2";
			};
			name = Debug;
		};
		941F793A249C33DB009ED0DD /* Release */ = {
			isa = XCBuildConfiguration;
			buildSettings = {
				ASSETCATALOG_COMPILER_APPICON_NAME = AppIcon;
				CODE_SIGN_STYLE = Automatic;
				DEVELOPMENT_ASSET_PATHS = "\"day-25/Preview Content\"";
				ENABLE_PREVIEWS = YES;
				INFOPLIST_FILE = "day-25/Info.plist";
				LD_RUNPATH_SEARCH_PATHS = (
					"$(inherited)",
					"@executable_path/Frameworks",
				);
				PRODUCT_BUNDLE_IDENTIFIER = "Tolentinodev.day-25";
				PRODUCT_NAME = "$(TARGET_NAME)";
				SWIFT_VERSION = 5.0;
				TARGETED_DEVICE_FAMILY = "1,2";
			};
			name = Release;
		};
/* End XCBuildConfiguration section */

/* Begin XCConfigurationList section */
		941F791F249C33D7009ED0DD /* Build configuration list for PBXProject "day-25" */ = {
			isa = XCConfigurationList;
			buildConfigurations = (
				941F7936249C33DB009ED0DD /* Debug */,
				941F7937249C33DB009ED0DD /* Release */,
			);
			defaultConfigurationIsVisible = 0;
			defaultConfigurationName = Release;
		};
		941F7938249C33DB009ED0DD /* Build configuration list for PBXNativeTarget "day-25" */ = {
			isa = XCConfigurationList;
			buildConfigurations = (
				941F7939249C33DB009ED0DD /* Debug */,
				941F793A249C33DB009ED0DD /* Release */,
			);
			defaultConfigurationIsVisible = 0;
			defaultConfigurationName = Release;
		};
/* End XCConfigurationList section */
	};
	rootObject = 941F791C249C33D7009ED0DD /* Project object */;
}
